
Microsoft Visual Studio Solution File, Format Version 12.00
# Visual Studio 15
VisualStudioVersion = 15.0.27004.2008
MinimumVisualStudioVersion = 10.0.40219.1
Project("{FAE04EC0-301F-11D3-BF4B-00C04F79EFBC}") = "crispy", "crispy\crispy.csproj", "{71A79707-0AE3-47BD-BE8B-B329431277BB}"
EndProject
Global
	GlobalSection(SolutionConfigurationPlatforms) = preSolution
		Debug|Any CPU = Debug|Any CPU
		Release|Any CPU = Release|Any CPU
	EndGlobalSection
	GlobalSection(ProjectConfigurationPlatforms) = postSolution
		{71A79707-0AE3-47BD-BE8B-B329431277BB}.Debug|Any CPU.ActiveCfg = Debug|Any CPU
		{71A79707-0AE3-47BD-BE8B-B329431277BB}.Debug|Any CPU.Build.0 = Debug|Any CPU
		{71A79707-0AE3-47BD-BE8B-B329431277BB}.Release|Any CPU.ActiveCfg = Release|Any CPU
		{71A79707-0AE3-47BD-BE8B-B329431277BB}.Release|Any CPU.Build.0 = Release|Any CPU
	EndGlobalSection
	GlobalSection(SolutionProperties) = preSolution
		HideSolutionNode = FALSE
	EndGlobalSection
	GlobalSection(ExtensibilityGlobals) = postSolution
		SolutionGuid = {7990134F-0709-46BC-A0F6-6402A24F4993}
	EndGlobalSection
EndGlobal
